github.com/expr-lang/expr v1.16.3 h1:NLldf786GffptcXNxxJx5dQ+FzeWDKChBDqOOwyK8to=
github.com/expr-lang/expr v1.16.3/go.mod h1:uCkhfG+x7fcZ5A5sXHKuQ07jGZRl6J0FCAaf2k4PtVQ=
github.com/google/uuid v1.6.0 h1:NIvaJDMOsjHA8n1jAhLSgzrAzy1Hgr+hNrb57e+94F0=
github.com/google/uuid v1.6.0/go.mod h1:TIyPZe4MgqvfeYDBFedMoGGpEw/LqOeaOT+nhxU+yHo=
